
Microsoft Visual Studio Solution File, Format Version 12.00
# Visual Studio Version 17
VisualStudioVersion = 17.3.32901.215
MinimumVisualStudioVersion = 10.0.40219.1
Project("{FAE04EC0-301F-11D3-BF4B-00C04F79EFBC}") = "CA230130", "CA230130.csproj", "{FFBBEAC5-E899-4005-8346-AE49DC4145E4}"
EndProject
Global
	GlobalSection(SolutionConfigurationPlatforms) = preSolution
		Debug|Any CPU = Debug|Any CPU
		Release|Any CPU = Release|Any CPU
	EndGlobalSection
	GlobalSection(ProjectConfigurationPlatforms) = postSolution
		{FFBBEAC5-E899-4005-8346-AE49DC4145E4}.Debug|Any CPU.ActiveCfg = Debug|Any CPU
		{FFBBEAC5-E899-4005-8346-AE49DC4145E4}.Debug|Any CPU.Build.0 = Debug|Any CPU
		{FFBBEAC5-E899-4005-8346-AE49DC4145E4}.Release|Any CPU.ActiveCfg = Release|Any CPU
		{FFBBEAC5-E899-4005-8346-AE49DC4145E4}.Release|Any CPU.Build.0 = Release|Any CPU
	EndGlobalSection
	GlobalSection(SolutionProperties) = preSolution
		HideSolutionNode = FALSE
	EndGlobalSection
	GlobalSection(ExtensibilityGlobals) = postSolution
		SolutionGuid = {597A63D7-E85B-41ED-B239-118ED0B0B512}
	EndGlobalSection
EndGlobal
